
Microsoft Visual Studio Solution File, Format Version 12.00
# Visual Studio 2017
Project("{FAE04EC0-301F-11D3-BF4B-00C04F79EFBC}") = "Space Game", "Space Game.csproj", "{3814D353-50D0-97CC-7803-119587397722}"
EndProject
Project("{FAE04EC0-301F-11D3-BF4B-00C04F79EFBC}") = "Space Game.Editor", "Space Game.Editor.csproj", "{B818B79E-DB5D-34BE-63DC-5BEB51DFA06A}"
EndProject
Global
	GlobalSection(SolutionConfigurationPlatforms) = preSolution
		Debug|Any CPU = Debug|Any CPU
		Release|Any CPU = Release|Any CPU
	EndGlobalSection
	GlobalSection(ProjectConfigurationPlatforms) = postSolution
		{3814D353-50D0-97CC-7803-119587397722}.Debug|Any CPU.ActiveCfg = Debug|Any CPU
		{3814D353-50D0-97CC-7803-119587397722}.Debug|Any CPU.Build.0 = Debug|Any CPU
		{3814D353-50D0-97CC-7803-119587397722}.Release|Any CPU.ActiveCfg = Release|Any CPU
		{3814D353-50D0-97CC-7803-119587397722}.Release|Any CPU.Build.0 = Release|Any CPU
		{B818B79E-DB5D-34BE-63DC-5BEB51DFA06A}.Debug|Any CPU.ActiveCfg = Debug|Any CPU
		{B818B79E-DB5D-34BE-63DC-5BEB51DFA06A}.Debug|Any CPU.Build.0 = Debug|Any CPU
		{B818B79E-DB5D-34BE-63DC-5BEB51DFA06A}.Release|Any CPU.ActiveCfg = Release|Any CPU
		{B818B79E-DB5D-34BE-63DC-5BEB51DFA06A}.Release|Any CPU.Build.0 = Release|Any CPU
	EndGlobalSection
	GlobalSection(SolutionProperties) = preSolution
		HideSolutionNode = FALSE
	EndGlobalSection
EndGlobal
